PODS:
  - NCMB (2.3.2)

DEPENDENCIES:
  - NCMB (from `https://github.com/NIFTYCloud-mbaas/ncmb_ios.git`)

EXTERNAL SOURCES:
  NCMB:
    :git: https://github.com/NIFTYCloud-mbaas/ncmb_ios.git

CHECKOUT OPTIONS:
  NCMB:
    :commit: 0bc471b471fe23e1346607086576956507d2e35e
    :git: https://github.com/NIFTYCloud-mbaas/ncmb_ios.git

SPEC CHECKSUMS:
  NCMB: 0a2d8732ef733a55e8fba69f9fb3d04d442da3a9

PODFILE CHECKSUM: 76da1d40298c8c74c785b77bc72fb886a7a37a79

COCOAPODS: 1.0.0.beta.5
